// !$*UTF8*$!
{
	archiveVersion = 1;
	classes = {
	};
	objectVersion = 50;
	objects = {

/* Begin PBXBuildFile section */
		BC06F0ED271B3B0800A2F171 /* AppDelegate.swift in Sources */ = {isa = PBXBuildFile; fileRef = BC06F0EC271B3B0800A2F171 /* AppDelegate.swift */; };
		BC06F0EF271B3B0800A2F171 /* SceneDelegate.swift in Sources */ = {isa = PBXBuildFile; fileRef = BC06F0EE271B3B0800A2F171 /* SceneDelegate.swift */; };
		BC06F0F1271B3B0800A2F171 /* ViewController.swift in Sources */ = {isa = PBXBuildFile; fileRef = BC06F0F0271B3B0800A2F171 /* ViewController.swift */; };
		BC06F0F4271B3B0800A2F171 /* Main.storyboard in Resources */ = {isa = PBXBuildFile; fileRef = BC06F0F2271B3B0800A2F171 /* Main.storyboard */; };
		BC06F0F6271B3B0D00A2F171 /* Assets.xcassets in Resources */ = {isa = PBXBuildFile; fileRef = BC06F0F5271B3B0D00A2F171 /* Assets.xcassets */; };
		BC06F0F9271B3B0D00A2F171 /* LaunchScreen.storyboard in Resources */ = {isa = PBXBuildFile; fileRef = BC06F0F7271B3B0D00A2F171 /* LaunchScreen.storyboard */; };
		BC06F104271B3B0D00A2F171 /* MyContactsTests.swift in Sources */ = {isa = PBXBuildFile; fileRef = BC06F103271B3B0D00A2F171 /* MyContactsTests.swift */; };
		BC06F10F271B3B0D00A2F171 /* MyContactsUITests.swift in Sources */ = {isa = PBXBuildFile; fileRef = BC06F10E271B3B0D00A2F171 /* MyContactsUITests.swift */; };
/* End PBXBuildFile section */

/* Begin PBXContainerItemProxy section */
		BC06F100271B3B0D00A2F171 /* PBXContainerItemProxy */ = {
			isa = PBXContainerItemProxy;
			containerPortal = BC06F0E1271B3B0800A2F171 /* Project object */;
			proxyType = 1;
			remoteGlobalIDString = BC06F0E8271B3B0800A2F171;
			remoteInfo = MyContacts;
		};
		BC06F10B271B3B0D00A2F171 /* PBXContainerItemProxy */ = {
			isa = PBXContainerItemProxy;
			containerPortal = BC06F0E1271B3B0800A2F171 /* Project object */;
			proxyType = 1;
			remoteGlobalIDString = BC06F0E8271B3B0800A2F171;
			remoteInfo = MyContacts;
		};
/* End PBXContainerItemProxy section */

/* Begin PBXFileReference section */
		BC06F0E9271B3B0800A2F171 /* MyContacts.app */ = {isa = PBXFileReference; explicitFileType = wrapper.application; includeInIndex = 0; path = MyContacts.app; sourceTree = BUILT_PRODUCTS_DIR; };
		BC06F0EC271B3B0800A2F171 /* AppDelegate.swift */ = {isa = PBXFileReference; lastKnownFileType = sourcecode.swift; path = AppDelegate.swift; sourceTree = "<group>"; };
		BC06F0EE271B3B0800A2F171 /* SceneDelegate.swift */ = {isa = PBXFileReference; lastKnownFileType = sourcecode.swift; path = SceneDelegate.swift; sourceTree = "<group>"; };
		BC06F0F0271B3B0800A2F171 /* ViewController.swift */ = {isa = PBXFileReference; lastKnownFileType = sourcecode.swift; path = ViewController.swift; sourceTree = "<group>"; };
		BC06F0F3271B3B0800A2F171 /* Base */ = {isa = PBXFileReference; lastKnownFileType = file.storyboard; name = Base; path = Base.lproj/Main.storyboard; sourceTree = "<group>"; };
		BC06F0F5271B3B0D00A2F171 /* Assets.xcassets */ = {isa = PBXFileReference; lastKnownFileType = folder.assetcatalog; path = Assets.xcassets; sourceTree = "<group>"; };
		BC06F0F8271B3B0D00A2F171 /* Base */ = {isa = PBXFileReference; lastKnownFileType = file.storyboard; name = Base; path = Base.lproj/LaunchScreen.storyboard; sourceTree = "<group>"; };
		BC06F0FA271B3B0D00A2F171 /* Info.plist */ = {isa = PBXFileReference; lastKnownFileType = text.plist.xml; path = Info.plist; sourceTree = "<group>"; };
		BC06F0FF271B3B0D00A2F171 /* MyContactsTests.xctest */ = {isa = PBXFileReference; explicitFileType = wrapper.cfbundle; includeInIndex = 0; path = MyContactsTests.xctest; sourceTree = BUILT_PRODUCTS_DIR; };
		BC06F103271B3B0D00A2F171 /* MyContactsTests.swift */ = {isa = PBXFileReference; lastKnownFileType = sourcecode.swift; path = MyContactsTests.swift; sourceTree = "<group>"; };
		BC06F105271B3B0D00A2F171 /* Info.plist */ = {isa = PBXFileReference; lastKnownFileType = text.plist.xml; path = Info.plist; sourceTree = "<group>"; };
		BC06F10A271B3B0D00A2F171 /* MyContactsUITests.xctest */ = {isa = PBXFileReference; explicitFileType = wrapper.cfbundle; includeInIndex = 0; path = MyContactsUITests.xctest; sourceTree = BUILT_PRODUCTS_DIR; };
		BC06F10E271B3B0D00A2F171 /* MyContactsUITests.swift */ = {isa = PBXFileReference; lastKnownFileType = sourcecode.swift; path = MyContactsUITests.swift; sourceTree = "<group>"; };
		BC06F110271B3B0D00A2F171 /* Info.plist */ = {isa = PBXFileReference; lastKnownFileType = text.plist.xml; path = Info.plist; sourceTree = "<group>"; };
/* End PBXFileReference section */

/* Begin PBXFrameworksBuildPhase section */
		BC06F0E6271B3B0800A2F171 /* Frameworks */ = {
			isa = PBXFrameworksBuildPhase;
			buildActionMask = 2147483647;
			files = (
			);
			runOnlyForDeploymentPostprocessing = 0;
		};
		BC06F0FC271B3B0D00A2F171 /* Frameworks */ = {
			isa = PBXFrameworksBuildPhase;
			buildActionMask = 2147483647;
			files = (
			);
			runOnlyForDeploymentPostprocessing = 0;
		};
		BC06F107271B3B0D00A2F171 /* Frameworks */ = {
			isa = PBXFrameworksBuildPhase;
			buildActionMask = 2147483647;
			files = (
			);
			runOnlyForDeploymentPostprocessing = 0;
		};
/* End PBXFrameworksBuildPhase section */

/* Begin PBXGroup section */
		BC06F0E0271B3B0800A2F171 = {
			isa = PBXGroup;
			children = (
				BC06F0EB271B3B0800A2F171 /* MyContacts */,
				BC06F102271B3B0D00A2F171 /* MyContactsTests */,
				BC06F10D271B3B0D00A2F171 /* MyContactsUITests */,
				BC06F0EA271B3B0800A2F171 /* Products */,
			);
			sourceTree = "<group>";
		};
		BC06F0EA271B3B0800A2F171 /* Products */ = {
			isa = PBXGroup;
			children = (
				BC06F0E9271B3B0800A2F171 /* MyContacts.app */,
				BC06F0FF271B3B0D00A2F171 /* MyContactsTests.xctest */,
				BC06F10A271B3B0D00A2F171 /* MyContactsUITests.xctest */,
			);
			name = Products;
			sourceTree = "<group>";
		};
		BC06F0EB271B3B0800A2F171 /* MyContacts */ = {
			isa = PBXGroup;
			children = (
				BC06F0EC271B3B0800A2F171 /* AppDelegate.swift */,
				BC06F0EE271B3B0800A2F171 /* SceneDelegate.swift */,
				BC06F0F0271B3B0800A2F171 /* ViewController.swift */,
				BC06F0F2271B3B0800A2F171 /* Main.storyboard */,
				BC06F0F5271B3B0D00A2F171 /* Assets.xcassets */,
				BC06F0F7271B3B0D00A2F171 /* LaunchScreen.storyboard */,
				BC06F0FA271B3B0D00A2F171 /* Info.plist */,
			);
			path = MyContacts;
			sourceTree = "<group>";
		};
		BC06F102271B3B0D00A2F171 /* MyContactsTests */ = {
			isa = PBXGroup;
			children = (
				BC06F103271B3B0D00A2F171 /* MyContactsTests.swift */,
				BC06F105271B3B0D00A2F171 /* Info.plist */,
			);
			path = MyContactsTests;
			sourceTree = "<group>";
		};
		BC06F10D271B3B0D00A2F171 /* MyContactsUITests */ = {
			isa = PBXGroup;
			children = (
				BC06F10E271B3B0D00A2F171 /* MyContactsUITests.swift */,
				BC06F110271B3B0D00A2F171 /* Info.plist */,
			);
			path = MyContactsUITests;
			sourceTree = "<group>";
		};
/* End PBXGroup section */

/* Begin PBXNativeTarget section */
		BC06F0E8271B3B0800A2F171 /* MyContacts */ = {
			isa = PBXNativeTarget;
			buildConfigurationList = BC06F113271B3B0D00A2F171 /* Build configuration list for PBXNativeTarget "MyContacts" */;
			buildPhases = (
				BC06F0E5271B3B0800A2F171 /* Sources */,
				BC06F0E6271B3B0800A2F171 /* Frameworks */,
				BC06F0E7271B3B0800A2F171 /* Resources */,
			);
			buildRules = (
			);
			dependencies = (
			);
			name = MyContacts;
			productName = MyContacts;
			productReference = BC06F0E9271B3B0800A2F171 /* MyContacts.app */;
			productType = "com.apple.product-type.application";
		};
		BC06F0FE271B3B0D00A2F171 /* MyContactsTests */ = {
			isa = PBXNativeTarget;
			buildConfigurationList = BC06F116271B3B0D00A2F171 /* Build configuration list for PBXNativeTarget "MyContactsTests" */;
			buildPhases = (
				BC06F0FB271B3B0D00A2F171 /* Sources */,
				BC06F0FC271B3B0D00A2F171 /* Frameworks */,
				BC06F0FD271B3B0D00A2F171 /* Resources */,
			);
			buildRules = (
			);
			dependencies = (
				BC06F101271B3B0D00A2F171 /* PBXTargetDependency */,
			);
			name = MyContactsTests;
			productName = MyContactsTests;
			productReference = BC06F0FF271B3B0D00A2F171 /* MyContactsTests.xctest */;
			productType = "com.apple.product-type.bundle.unit-test";
		};
		BC06F109271B3B0D00A2F171 /* MyContactsUITests */ = {
			isa = PBXNativeTarget;
			buildConfigurationList = BC06F119271B3B0D00A2F171 /* Build configuration list for PBXNativeTarget "MyContactsUITests" */;
			buildPhases = (
				BC06F106271B3B0D00A2F171 /* Sources */,
				BC06F107271B3B0D00A2F171 /* Frameworks */,
				BC06F108271B3B0D00A2F171 /* Resources */,
			);
			buildRules = (
			);
			dependencies = (
				BC06F10C271B3B0D00A2F171 /* PBXTargetDependency */,
			);
			name = MyContactsUITests;
			productName = MyContactsUITests;
			productReference = BC06F10A271B3B0D00A2F171 /* MyContactsUITests.xctest */;
			productType = "com.apple.product-type.bundle.ui-testing";
		};
/* End PBXNativeTarget section */

/* Begin PBXProject section */
		BC06F0E1271B3B0800A2F171 /* Project object */ = {
			isa = PBXProject;
			attributes = {
				LastSwiftUpdateCheck = 1250;
				LastUpgradeCheck = 1250;
				TargetAttributes = {
					BC06F0E8271B3B0800A2F171 = {
						CreatedOnToolsVersion = 12.5.1;
					};
					BC06F0FE271B3B0D00A2F171 = {
						CreatedOnToolsVersion = 12.5.1;
						TestTargetID = BC06F0E8271B3B0800A2F171;
					};
					BC06F109271B3B0D00A2F171 = {
						CreatedOnToolsVersion = 12.5.1;
						TestTargetID = BC06F0E8271B3B0800A2F171;
					};
				};
			};
			buildConfigurationList = BC06F0E4271B3B0800A2F171 /* Build configuration list for PBXProject "MyContacts" */;
			compatibilityVersion = "Xcode 9.3";
			developmentRegion = en;
			hasScannedForEncodings = 0;
			knownRegions = (
				en,
				Base,
			);
			mainGroup = BC06F0E0271B3B0800A2F171;
			productRefGroup = BC06F0EA271B3B0800A2F171 /* Products */;
			projectDirPath = "";
			projectRoot = "";
			targets = (
				BC06F0E8271B3B0800A2F171 /* MyContacts */,
				BC06F0FE271B3B0D00A2F171 /* MyContactsTests */,
				BC06F109271B3B0D00A2F171 /* MyContactsUITests */,
			);
		};
/* End PBXProject section */

/* Begin PBXResourcesBuildPhase section */
		BC06F0E7271B3B0800A2F171 /* Resources */ = {
			isa = PBXResourcesBuildPhase;
			buildActionMask = 2147483647;
			files = (
				BC06F0F9271B3B0D00A2F171 /* LaunchScreen.storyboard in Resources */,
				BC06F0F6271B3B0D00A2F171 /* Assets.xcassets in Resources */,
				BC06F0F4271B3B0800A2F171 /* Main.storyboard in Resources */,
			);
			runOnlyForDeploymentPostprocessing = 0;
		};
		BC06F0FD271B3B0D00A2F171 /* Resources */ = {
			isa = PBXResourcesBuildPhase;
			buildActionMask = 2147483647;
			files = (
			);
			runOnlyForDeploymentPostprocessing = 0;
		};
		BC06F108271B3B0D00A2F171 /* Resources */ = {
			isa = PBXResourcesBuildPhase;
			buildActionMask = 2147483647;
			files = (
			);
			runOnlyForDeploymentPostprocessing = 0;
		};
/* End PBXResourcesBuildPhase section */

/* Begin PBXSourcesBuildPhase section */
		BC06F0E5271B3B0800A2F171 /* Sources */ = {
			isa = PBXSourcesBuildPhase;
			buildActionMask = 2147483647;
			files = (
				BC06F0F1271B3B0800A2F171 /* ViewController.swift in Sources */,
				BC06F0ED271B3B0800A2F171 /* AppDelegate.swift in Sources */,
				BC06F0EF271B3B0800A2F171 /* SceneDelegate.swift in Sources */,
			);
			runOnlyForDeploymentPostprocessing = 0;
		};
		BC06F0FB271B3B0D00A2F171 /* Sources */ = {
			isa = PBXSourcesBuildPhase;
			buildActionMask = 2147483647;
			files = (
				BC06F104271B3B0D00A2F171 /* MyContactsTests.swift in Sources */,
			);
			runOnlyForDeploymentPostprocessing = 0;
		};
		BC06F106271B3B0D00A2F171 /* Sources */ = {
			isa = PBXSourcesBuildPhase;
			buildActionMask = 2147483647;
			files = (
				BC06F10F271B3B0D00A2F171 /* MyContactsUITests.swift in Sources */,
			);
			runOnlyForDeploymentPostprocessing = 0;
		};
/* End PBXSourcesBuildPhase section */

/* Begin PBXTargetDependency section */
		BC06F101271B3B0D00A2F171 /* PBXTargetDependency */ = {
			isa = PBXTargetDependency;
			target = BC06F0E8271B3B0800A2F171 /* MyContacts */;
			targetProxy = BC06F100271B3B0D00A2F171 /* PBXContainerItemProxy */;
		};
		BC06F10C271B3B0D00A2F171 /* PBXTargetDependency */ = {
			isa = PBXTargetDependency;
			target = BC06F0E8271B3B0800A2F171 /* MyContacts */;
			targetProxy = BC06F10B271B3B0D00A2F171 /* PBXContainerItemProxy */;
		};
/* End PBXTargetDependency section */

/* Begin PBXVariantGroup section */
		BC06F0F2271B3B0800A2F171 /* Main.storyboard */ = {
			isa = PBXVariantGroup;
			children = (
				BC06F0F3271B3B0800A2F171 /* Base */,
			);
			name = Main.storyboard;
			sourceTree = "<group>";
		};
		BC06F0F7271B3B0D00A2F171 /* LaunchScreen.storyboard */ = {
			isa = PBXVariantGroup;
			children = (
				BC06F0F8271B3B0D00A2F171 /* Base */,
			);
			name = LaunchScreen.storyboard;
			sourceTree = "<group>";
		};
/* End PBXVariantGroup section */

/* Begin XCBuildConfiguration section */
		BC06F111271B3B0D00A2F171 /* Debug */ = {
			isa = XCBuildConfiguration;
			buildSettings = {
				ALWAYS_SEARCH_USER_PATHS = NO;
				CLANG_ANALYZER_NONNULL = YES;
				CLANG_ANALYZER_NUMBER_OBJECT_CONVERSION = YES_AGGRESSIVE;
				CLANG_CXX_LANGUAGE_STANDARD = "gnu++14";
				CLANG_CXX_LIBRARY = "libc++";
				CLANG_ENABLE_MODULES = YES;
				CLANG_ENABLE_OBJC_ARC = YES;
				CLANG_ENABLE_OBJC_WEAK = YES;
				CLANG_WARN_BLOCK_CAPTURE_AUTORELEASING = YES;
				CLANG_WARN_BOOL_CONVERSION = YES;
				CLANG_WARN_COMMA = YES;
				CLANG_WARN_CONSTANT_CONVERSION = YES;
				CLANG_WARN_DEPRECATED_OBJC_IMPLEMENTATIONS = YES;
				CLANG_WARN_DIRECT_OBJC_ISA_USAGE = YES_ERROR;
				CLANG_WARN_DOCUMENTATION_COMMENTS = YES;
				CLANG_WARN_EMPTY_BODY = YES;
				CLANG_WARN_ENUM_CONVERSION = YES;
				CLANG_WARN_INFINITE_RECURSION = YES;
				CLANG_WARN_INT_CONVERSION = YES;
				CLANG_WARN_NON_LITERAL_NULL_CONVERSION = YES;
				CLANG_WARN_OBJC_IMPLICIT_RETAIN_SELF = YES;
				CLANG_WARN_OBJC_LITERAL_CONVERSION = YES;
				CLANG_WARN_OBJC_ROOT_CLASS = YES_ERROR;
				CLANG_WARN_QUOTED_INCLUDE_IN_FRAMEWORK_HEADER = YES;
				CLANG_WARN_RANGE_LOOP_ANALYSIS = YES;
				CLANG_WARN_STRICT_PROTOTYPES = YES;
				CLANG_WARN_SUSPICIOUS_MOVE = YES;
				CLANG_WARN_UNGUARDED_AVAILABILITY = YES_AGGRESSIVE;
				CLANG_WARN_UNREACHABLE_CODE = YES;
				CLANG_WARN__DUPLICATE_METHOD_MATCH = YES;
				COPY_PHASE_STRIP = NO;
				DEBUG_INFORMATION_FORMAT = dwarf;
				ENABLE_STRICT_OBJC_MSGSEND = YES;
				ENABLE_TESTABILITY = YES;
				GCC_C_LANGUAGE_STANDARD = gnu11;
				GCC_DYNAMIC_NO_PIC = NO;
				GCC_NO_COMMON_BLOCKS = YES;
				GCC_OPTIMIZATION_LEVEL = 0;
				GCC_PREPROCESSOR_DEFINITIONS = (
					"DEBUG=1",
					"$(inherited)",
				);
				GCC_WARN_64_TO_32_BIT_CONVERSION = YES;
				GCC_WARN_ABOUT_RETURN_TYPE = YES_ERROR;
				GCC_WARN_UNDECLARED_SELECTOR = YES;
				GCC_WARN_UNINITIALIZED_AUTOS = YES_AGGRESSIVE;
				GCC_WARN_UNUSED_FUNCTION = YES;
				GCC_WARN_UNUSED_VARIABLE = YES;
				IPHONEOS_DEPLOYMENT_TARGET = 14.5;
				MTL_ENABLE_DEBUG_INFO = INCLUDE_SOURCE;
				MTL_FAST_MATH = YES;
				ONLY_ACTIVE_ARCH = YES;
				SDKROOT = iphoneos;
				SWIFT_ACTIVE_COMPILATION_CONDITIONS = DEBUG;
				SWIFT_OPTIMIZATION_LEVEL = "-Onone";
			};
			name = Debug;
		};
		BC06F112271B3B0D00A2F171 /* Release */ = {
			isa = XCBuildConfiguration;
			buildSettings = {
				ALWAYS_SEARCH_USER_PATHS = NO;
				CLANG_ANALYZER_NONNULL = YES;
				CLANG_ANALYZER_NUMBER_OBJECT_CONVERSION = YES_AGGRESSIVE;
				CLANG_CXX_LANGUAGE_STANDARD = "gnu++14";
				CLANG_CXX_LIBRARY = "libc++";
				CLANG_ENABLE_MODULES = YES;
				CLANG_ENABLE_OBJC_ARC = YES;
				CLANG_ENABLE_OBJC_WEAK = YES;
				CLANG_WARN_BLOCK_CAPTURE_AUTORELEASING = YES;
				CLANG_WARN_BOOL_CONVERSION = YES;
				CLANG_WARN_COMMA = YES;
				CLANG_WARN_CONSTANT_CONVERSION = YES;
				CLANG_WARN_DEPRECATED_OBJC_IMPLEMENTATIONS = YES;
				CLANG_WARN_DIRECT_OBJC_ISA_USAGE = YES_ERROR;
				CLANG_WARN_DOCUMENTATION_COMMENTS = YES;
				CLANG_WARN_EMPTY_BODY = YES;
				CLANG_WARN_ENUM_CONVERSION = YES;
				CLANG_WARN_INFINITE_RECURSION = YES;
				CLANG_WARN_INT_CONVERSION = YES;
				CLANG_WARN_NON_LITERAL_NULL_CONVERSION = YES;
				CLANG_WARN_OBJC_IMPLICIT_RETAIN_SELF = YES;
				CLANG_WARN_OBJC_LITERAL_CONVERSION = YES;
				CLANG_WARN_OBJC_ROOT_CLASS = YES_ERROR;
				CLANG_WARN_QUOTED_INCLUDE_IN_FRAMEWORK_HEADER = YES;
				CLANG_WARN_RANGE_LOOP_ANALYSIS = YES;
				CLANG_WARN_STRICT_PROTOTYPES = YES;
				CLANG_WARN_SUSPICIOUS_MOVE = YES;
				CLANG_WARN_UNGUARDED_AVAILABILITY = YES_AGGRESSIVE;
				CLANG_WARN_UNREACHABLE_CODE = YES;
				CLANG_WARN__DUPLICATE_METHOD_MATCH = YES;
				COPY_PHASE_STRIP = NO;
				DEBUG_INFORMATION_FORMAT = "dwarf-with-dsym";
				ENABLE_NS_ASSERTIONS = NO;
				ENABLE_STRICT_OBJC_MSGSEND = YES;
				GCC_C_LANGUAGE_STANDARD = gnu11;
				GCC_NO_COMMON_BLOCKS = YES;
				GCC_WARN_64_TO_32_BIT_CONVERSION = YES;
				GCC_WARN_ABOUT_RETURN_TYPE = YES_ERROR;
				GCC_WARN_UNDECLARED_SELECTOR = YES;
				GCC_WARN_UNINITIALIZED_AUTOS = YES_AGGRESSIVE;
				GCC_WARN_UNUSED_FUNCTION = YES;
				GCC_WARN_UNUSED_VARIABLE = YES;
				IPHONEOS_DEPLOYMENT_TARGET = 14.5;
				MTL_ENABLE_DEBUG_INFO = NO;
				MTL_FAST_MATH = YES;
				SDKROOT = iphoneos;
				SWIFT_COMPILATION_MODE = wholemodule;
				SWIFT_OPTIMIZATION_LEVEL = "-O";
				VALIDATE_PRODUCT = YES;
			};
			name = Release;
		};
		BC06F114271B3B0D00A2F171 /* Debug */ = {
			isa = XCBuildConfiguration;
			buildSettings = {
				ASSETCATALOG_COMPILER_APPICON_NAME = AppIcon;
				ASSETCATALOG_COMPILER_GLOBAL_ACCENT_COLOR_NAME = AccentColor;
				CODE_SIGN_STYLE = Automatic;
				DEVELOPMENT_TEAM = YDQ2G3PC42;
				INFOPLIST_FILE = MyContacts/Info.plist;
				LD_RUNPATH_SEARCH_PATHS = (
					"$(inherited)",
					"@executable_path/Frameworks",
				);
				PRODUCT_BUNDLE_IDENTIFIER = com.jebolivarh.MyContacts;
				PRODUCT_NAME = "$(TARGET_NAME)";
				SWIFT_VERSION = 5.0;
				TARGETED_DEVICE_FAMILY = "1,2";
			};
			name = Debug;
		};
		BC06F115271B3B0D00A2F171 /* Release */ = {
			isa = XCBuildConfiguration;
			buildSettings = {
				ASSETCATALOG_COMPILER_APPICON_NAME = AppIcon;
				ASSETCATALOG_COMPILER_GLOBAL_ACCENT_COLOR_NAME = AccentColor;
				CODE_SIGN_STYLE = Automatic;
				DEVELOPMENT_TEAM = YDQ2G3PC42;
				INFOPLIST_FILE = MyContacts/Info.plist;
				LD_RUNPATH_SEARCH_PATHS = (
					"$(inherited)",
					"@executable_path/Frameworks",
				);
				PRODUCT_BUNDLE_IDENTIFIER = com.jebolivarh.MyContacts;
				PRODUCT_NAME = "$(TARGET_NAME)";
				SWIFT_VERSION = 5.0;
				TARGETED_DEVICE_FAMILY = "1,2";
			};
			name = Release;
		};
		BC06F117271B3B0D00A2F171 /* Debug */ = {
			isa = XCBuildConfiguration;
			buildSettings = {
				ALWAYS_EMBED_SWIFT_STANDARD_LIBRARIES = YES;
				BUNDLE_LOADER = "$(TEST_HOST)";
				CODE_SIGN_STYLE = Automatic;
				DEVELOPMENT_TEAM = YDQ2G3PC42;
				INFOPLIST_FILE = MyContactsTests/Info.plist;
				IPHONEOS_DEPLOYMENT_TARGET = 14.5;
				LD_RUNPATH_SEARCH_PATHS = (
					"$(inherited)",
					"@executable_path/Frameworks",
					"@loader_path/Frameworks",
				);
				PRODUCT_BUNDLE_IDENTIFIER = com.jebolivarh.MyContactsTests;
				PRODUCT_NAME = "$(TARGET_NAME)";
				SWIFT_VERSION = 5.0;
				TARGETED_DEVICE_FAMILY = "1,2";
				TEST_HOST = "$(BUILT_PRODUCTS_DIR)/MyContacts.app/MyContacts";
			};
			name = Debug;
		};
		BC06F118271B3B0D00A2F171 /* Release */ = {
			isa = XCBuildConfiguration;
			buildSettings = {
				ALWAYS_EMBED_SWIFT_STANDARD_LIBRARIES = YES;
				BUNDLE_LOADER = "$(TEST_HOST)";
				CODE_SIGN_STYLE = Automatic;
				DEVELOPMENT_TEAM = YDQ2G3PC42;
				INFOPLIST_FILE = MyContactsTests/Info.plist;
				IPHONEOS_DEPLOYMENT_TARGET = 14.5;
				LD_RUNPATH_SEARCH_PATHS = (
					"$(inherited)",
					"@executable_path/Frameworks",
					"@loader_path/Frameworks",
				);
				PRODUCT_BUNDLE_IDENTIFIER = com.jebolivarh.MyContactsTests;
				PRODUCT_NAME = "$(TARGET_NAME)";
				SWIFT_VERSION = 5.0;
				TARGETED_DEVICE_FAMILY = "1,2";
				TEST_HOST = "$(BUILT_PRODUCTS_DIR)/MyContacts.app/MyContacts";
			};
			name = Release;
		};
		BC06F11A271B3B0D00A2F171 /* Debug */ = {
			isa = XCBuildConfiguration;
			buildSettings = {
				ALWAYS_EMBED_SWIFT_STANDARD_LIBRARIES = YES;
				CODE_SIGN_STYLE = Automatic;
				DEVELOPMENT_TEAM = YDQ2G3PC42;
				INFOPLIST_FILE = MyContactsUITests/Info.plist;
				LD_RUNPATH_SEARCH_PATHS = (
					"$(inherited)",
					"@executable_path/Frameworks",
					"@loader_path/Frameworks",
				);
				PRODUCT_BUNDLE_IDENTIFIER = com.jebolivarh.MyContactsUITests;
				PRODUCT_NAME = "$(TARGET_NAME)";
				SWIFT_VERSION = 5.0;
				TARGETED_DEVICE_FAMILY = "1,2";
				TEST_TARGET_NAME = MyContacts;
			};
			name = Debug;
		};
		BC06F11B271B3B0D00A2F171 /* Release */ = {
			isa = XCBuildConfiguration;
			buildSettings = {
				ALWAYS_EMBED_SWIFT_STANDARD_LIBRARIES = YES;
				CODE_SIGN_STYLE = Automatic;
				DEVELOPMENT_TEAM = YDQ2G3PC42;
				INFOPLIST_FILE = MyContactsUITests/Info.plist;
				LD_RUNPATH_SEARCH_PATHS = (
					"$(inherited)",
					"@executable_path/Frameworks",
					"@loader_path/Frameworks",
				);
				PRODUCT_BUNDLE_IDENTIFIER = com.jebolivarh.MyContactsUITests;
				PRODUCT_NAME = "$(TARGET_NAME)";
				SWIFT_VERSION = 5.0;
				TARGETED_DEVICE_FAMILY = "1,2";
				TEST_TARGET_NAME = MyContacts;
			};
			name = Release;
		};
/* End XCBuildConfiguration section */

/* Begin XCConfigurationList section */
		BC06F0E4271B3B0800A2F171 /* Build configuration list for PBXProject "MyContacts" */ = {
			isa = XCConfigurationList;
			buildConfigurations = (
				BC06F111271B3B0D00A2F171 /* Debug */,
				BC06F112271B3B0D00A2F171 /* Release */,
			);
			defaultConfigurationIsVisible = 0;
			defaultConfigurationName = Release;
		};
		BC06F113271B3B0D00A2F171 /* Build configuration list for PBXNativeTarget "MyContacts" */ = {
			isa = XCConfigurationList;
			buildConfigurations = (
				BC06F114271B3B0D00A2F171 /* Debug */,
				BC06F115271B3B0D00A2F171 /* Release */,
			);
			defaultConfigurationIsVisible = 0;
			defaultConfigurationName = Release;
		};
		BC06F116271B3B0D00A2F171 /* Build configuration list for PBXNativeTarget "MyContactsTests" */ = {
			isa = XCConfigurationList;
			buildConfigurations = (
				BC06F117271B3B0D00A2F171 /* Debug */,
				BC06F118271B3B0D00A2F171 /* Release */,
			);
			defaultConfigurationIsVisible = 0;
			defaultConfigurationName = Release;
		};
		BC06F119271B3B0D00A2F171 /* Build configuration list for PBXNativeTarget "MyContactsUITests" */ = {
			isa = XCConfigurationList;
			buildConfigurations = (
				BC06F11A271B3B0D00A2F171 /* Debug */,
				BC06F11B271B3B0D00A2F171 /* Release */,
			);
			defaultConfigurationIsVisible = 0;
			defaultConfigurationName = Release;
		};
/* End XCConfigurationList section */
	};
	rootObject = BC06F0E1271B3B0800A2F171 /* Project object */;
}
